
Microsoft Visual Studio Solution File, Format Version 12.00
# Visual Studio 2017
Project("{FAE04EC0-301F-11D3-BF4B-00C04F79EFBC}") = "UnityMulti.Plugins", "UnityMulti.Plugins.csproj", "{B584F974-9716-7F1B-4829-2FEF7DDCC377}"
EndProject
Project("{FAE04EC0-301F-11D3-BF4B-00C04F79EFBC}") = "UnityMulti.Editor.Plugins", "UnityMulti.Editor.Plugins.csproj", "{9BC099AA-6747-6F19-146C-EA826855CDB8}"
EndProject
Global
	GlobalSection(SolutionConfigurationPlatforms) = preSolution
		Debug|Any CPU = Debug|Any CPU
		Release|Any CPU = Release|Any CPU
	EndGlobalSection
	GlobalSection(ProjectConfigurationPlatforms) = postSolution
		{B584F974-9716-7F1B-4829-2FEF7DDCC377}.Debug|Any CPU.ActiveCfg = Debug|Any CPU
		{B584F974-9716-7F1B-4829-2FEF7DDCC377}.Debug|Any CPU.Build.0 = Debug|Any CPU
		{B584F974-9716-7F1B-4829-2FEF7DDCC377}.Release|Any CPU.ActiveCfg = Release|Any CPU
		{B584F974-9716-7F1B-4829-2FEF7DDCC377}.Release|Any CPU.Build.0 = Release|Any CPU
		{9BC099AA-6747-6F19-146C-EA826855CDB8}.Debug|Any CPU.ActiveCfg = Debug|Any CPU
		{9BC099AA-6747-6F19-146C-EA826855CDB8}.Debug|Any CPU.Build.0 = Debug|Any CPU
		{9BC099AA-6747-6F19-146C-EA826855CDB8}.Release|Any CPU.ActiveCfg = Release|Any CPU
		{9BC099AA-6747-6F19-146C-EA826855CDB8}.Release|Any CPU.Build.0 = Release|Any CPU
	EndGlobalSection
	GlobalSection(SolutionProperties) = preSolution
		HideSolutionNode = FALSE
	EndGlobalSection
EndGlobal
